{
  "name": "backend",
  "version": "1.0.0",
  "lockfileVersion": 1,
  "requires": true,
  "dependencies": {
    "cejs": {
      "version": "3.8.4",
      "resolved": "https://registry.npmjs.org/cejs/-/cejs-3.8.4.tgz",
      "integrity": "sha512-TK3tVcSb2Au8dwtB2Y79jjPBbx0V5lsTndnH9cT4XhZsAuiOEQGVk45vauF9QMeEkjKT+l+PUKWtk4EmvzlhiQ=="
    },
    "esm": {
      "version": "3.2.25",
      "resolved": "https://registry.npmjs.org/esm/-/esm-3.2.25.tgz",
      "integrity": "sha512-U1suiZ2oDVWv4zPO56S0NcR5QriEahGtdN2OR6FiOG4WJvcjBVFB0qI4+eKoWFH483PKGuLuu6V8Z4T5g63UVA=="
    },
    "wikiapi": {
      "version": "1.10.1",
      "resolved": "https://registry.npmjs.org/wikiapi/-/wikiapi-1.10.1.tgz",
      "integrity": "sha512-OUCZ2fzR/CePGZBbUcH630ZJ7gw3kgvO/IC4J7eDbtiKW6dpnWe5KXREeaI3VFccD6DGeqdGo8UTVd1BMjEovw==",
      "requires": {
        "cejs": "^3.8.4"
      }
    },
    "wtf_wikipedia": {
      "version": "8.4.0",
      "resolved": "https://registry.npmjs.org/wtf_wikipedia/-/wtf_wikipedia-8.4.0.tgz",
      "integrity": "sha512-QSz17FM6pU0h/SWrqbjxw08tdDGlSSVxqmCJkUZpSq5cJ/10jcLoVBCCcbhu8+5GwkvaXMrMiTNfKJuyxPRZUQ=="
    }
  }
}
